// !$*UTF8*$!
{
	archiveVersion = 1;
	classes = {
	};
	objectVersion = 50;
	objects = {

/* Begin PBXBuildFile section */
		61E0B7F82630B7FF0043DFBD /* AppDelegate.swift in Sources */ = {isa = PBXBuildFile; fileRef = 61E0B7F72630B7FF0043DFBD /* AppDelegate.swift */; };
		61E0B7FA2630B7FF0043DFBD /* SceneDelegate.swift in Sources */ = {isa = PBXBuildFile; fileRef = 61E0B7F92630B7FF0043DFBD /* SceneDelegate.swift */; };
		61E0B7FF2630B7FF0043DFBD /* Main.storyboard in Resources */ = {isa = PBXBuildFile; fileRef = 61E0B7FD2630B7FF0043DFBD /* Main.storyboard */; };
		61E0B8012630B8020043DFBD /* Assets.xcassets in Resources */ = {isa = PBXBuildFile; fileRef = 61E0B8002630B8020043DFBD /* Assets.xcassets */; };
		61E0B8042630B8020043DFBD /* LaunchScreen.storyboard in Resources */ = {isa = PBXBuildFile; fileRef = 61E0B8022630B8020043DFBD /* LaunchScreen.storyboard */; };
		61E0B81E2630B91B0043DFBD /* TaskListTableViewController.swift in Sources */ = {isa = PBXBuildFile; fileRef = 61E0B81D2630B91B0043DFBD /* TaskListTableViewController.swift */; };
		61E0B8212630BA5A0043DFBD /* TaskDetailViewController.swift in Sources */ = {isa = PBXBuildFile; fileRef = 61E0B8202630BA5A0043DFBD /* TaskDetailViewController.swift */; };
		61E0B8242630BEC50043DFBD /* Task.swift in Sources */ = {isa = PBXBuildFile; fileRef = 61E0B8232630BEC50043DFBD /* Task.swift */; };
		61E0B8272630C0600043DFBD /* TaskController.swift in Sources */ = {isa = PBXBuildFile; fileRef = 61E0B8262630C0600043DFBD /* TaskController.swift */; };
		61E0B82B2630E11D0043DFBD /* TaskTableViewCell.swift in Sources */ = {isa = PBXBuildFile; fileRef = 61E0B82A2630E11D0043DFBD /* TaskTableViewCell.swift */; };
/* End PBXBuildFile section */

/* Begin PBXFileReference section */
		61E0B7F42630B7FF0043DFBD /* Task.app */ = {isa = PBXFileReference; explicitFileType = wrapper.application; includeInIndex = 0; path = Task.app; sourceTree = BUILT_PRODUCTS_DIR; };
		61E0B7F72630B7FF0043DFBD /* AppDelegate.swift */ = {isa = PBXFileReference; lastKnownFileType = sourcecode.swift; path = AppDelegate.swift; sourceTree = "<group>"; };
		61E0B7F92630B7FF0043DFBD /* SceneDelegate.swift */ = {isa = PBXFileReference; lastKnownFileType = sourcecode.swift; path = SceneDelegate.swift; sourceTree = "<group>"; };
		61E0B7FE2630B7FF0043DFBD /* Base */ = {isa = PBXFileReference; lastKnownFileType = file.storyboard; name = Base; path = Base.lproj/Main.storyboard; sourceTree = "<group>"; };
		61E0B8002630B8020043DFBD /* Assets.xcassets */ = {isa = PBXFileReference; lastKnownFileType = folder.assetcatalog; path = Assets.xcassets; sourceTree = "<group>"; };
		61E0B8032630B8020043DFBD /* Base */ = {isa = PBXFileReference; lastKnownFileType = file.storyboard; name = Base; path = Base.lproj/LaunchScreen.storyboard; sourceTree = "<group>"; };
		61E0B8052630B8020043DFBD /* Info.plist */ = {isa = PBXFileReference; lastKnownFileType = text.plist.xml; path = Info.plist; sourceTree = "<group>"; };
		61E0B81D2630B91B0043DFBD /* TaskListTableViewController.swift */ = {isa = PBXFileReference; lastKnownFileType = sourcecode.swift; path = TaskListTableViewController.swift; sourceTree = "<group>"; };
		61E0B8202630BA5A0043DFBD /* TaskDetailViewController.swift */ = {isa = PBXFileReference; lastKnownFileType = sourcecode.swift; path = TaskDetailViewController.swift; sourceTree = "<group>"; };
		61E0B8232630BEC50043DFBD /* Task.swift */ = {isa = PBXFileReference; lastKnownFileType = sourcecode.swift; path = Task.swift; sourceTree = "<group>"; };
		61E0B8262630C0600043DFBD /* TaskController.swift */ = {isa = PBXFileReference; lastKnownFileType = sourcecode.swift; path = TaskController.swift; sourceTree = "<group>"; };
		61E0B82A2630E11D0043DFBD /* TaskTableViewCell.swift */ = {isa = PBXFileReference; lastKnownFileType = sourcecode.swift; path = TaskTableViewCell.swift; sourceTree = "<group>"; };
/* End PBXFileReference section */

/* Begin PBXFrameworksBuildPhase section */
		61E0B7F12630B7FF0043DFBD /* Frameworks */ = {
			isa = PBXFrameworksBuildPhase;
			buildActionMask = 2147483647;
			files = (
			);
			runOnlyForDeploymentPostprocessing = 0;
		};
/* End PBXFrameworksBuildPhase section */

/* Begin PBXGroup section */
		61E0B7EB2630B7FF0043DFBD = {
			isa = PBXGroup;
			children = (
				61E0B7F62630B7FF0043DFBD /* Task */,
				61E0B7F52630B7FF0043DFBD /* Products */,
			);
			sourceTree = "<group>";
		};
		61E0B7F52630B7FF0043DFBD /* Products */ = {
			isa = PBXGroup;
			children = (
				61E0B7F42630B7FF0043DFBD /* Task.app */,
			);
			name = Products;
			sourceTree = "<group>";
		};
		61E0B7F62630B7FF0043DFBD /* Task */ = {
			isa = PBXGroup;
			children = (
				61E0B8162630B8790043DFBD /* Models */,
				61E0B8132630B8400043DFBD /* Controllers */,
				61E0B8102630B8270043DFBD /* Views */,
				61E0B80E2630B8180043DFBD /* Helper and Extension */,
				61E0B80C2630B8100043DFBD /* Resources */,
			);
			path = Task;
			sourceTree = "<group>";
		};
		61E0B80C2630B8100043DFBD /* Resources */ = {
			isa = PBXGroup;
			children = (
				61E0B7F72630B7FF0043DFBD /* AppDelegate.swift */,
				61E0B7F92630B7FF0043DFBD /* SceneDelegate.swift */,
				61E0B8002630B8020043DFBD /* Assets.xcassets */,
				61E0B8052630B8020043DFBD /* Info.plist */,
			);
			path = Resources;
			sourceTree = "<group>";
		};
		61E0B80E2630B8180043DFBD /* Helper and Extension */ = {
			isa = PBXGroup;
			children = (
			);
			path = "Helper and Extension";
			sourceTree = "<group>";
		};
		61E0B8102630B8270043DFBD /* Views */ = {
			isa = PBXGroup;
			children = (
				61E0B8122630B8340043DFBD /* Storyboards */,
				61E0B8112630B82D0043DFBD /* Custom Views */,
			);
			path = Views;
			sourceTree = "<group>";
		};
		61E0B8112630B82D0043DFBD /* Custom Views */ = {
			isa = PBXGroup;
			children = (
				61E0B82A2630E11D0043DFBD /* TaskTableViewCell.swift */,
			);
			path = "Custom Views";
			sourceTree = "<group>";
		};
		61E0B8122630B8340043DFBD /* Storyboards */ = {
			isa = PBXGroup;
			children = (
				61E0B7FD2630B7FF0043DFBD /* Main.storyboard */,
				61E0B8022630B8020043DFBD /* LaunchScreen.storyboard */,
			);
			path = Storyboards;
			sourceTree = "<group>";
		};
		61E0B8132630B8400043DFBD /* Controllers */ = {
			isa = PBXGroup;
			children = (
				61E0B81A2630B8BB0043DFBD /* ModelControllers */,
				61E0B8142630B85E0043DFBD /* ViewController */,
			);
			path = Controllers;
			sourceTree = "<group>";
		};
		61E0B8142630B85E0043DFBD /* ViewController */ = {
			isa = PBXGroup;
			children = (
				61E0B81D2630B91B0043DFBD /* TaskListTableViewController.swift */,
				61E0B8202630BA5A0043DFBD /* TaskDetailViewController.swift */,
			);
			path = ViewController;
			sourceTree = "<group>";
		};
		61E0B8162630B8790043DFBD /* Models */ = {
			isa = PBXGroup;
			children = (
				61E0B8232630BEC50043DFBD /* Task.swift */,
			);
			path = Models;
			sourceTree = "<group>";
		};
		61E0B81A2630B8BB0043DFBD /* ModelControllers */ = {
			isa = PBXGroup;
			children = (
				61E0B8262630C0600043DFBD /* TaskController.swift */,
			);
			path = ModelControllers;
			sourceTree = "<group>";
		};
/* End PBXGroup section */

/* Begin PBXNativeTarget section */
		61E0B7F32630B7FF0043DFBD /* Task */ = {
			isa = PBXNativeTarget;
			buildConfigurationList = 61E0B8082630B8020043DFBD /* Build configuration list for PBXNativeTarget "Task" */;
			buildPhases = (
				61E0B7F02630B7FF0043DFBD /* Sources */,
				61E0B7F12630B7FF0043DFBD /* Frameworks */,
				61E0B7F22630B7FF0043DFBD /* Resources */,
			);
			buildRules = (
			);
			dependencies = (
			);
			name = Task;
			productName = Task;
			productReference = 61E0B7F42630B7FF0043DFBD /* Task.app */;
			productType = "com.apple.product-type.application";
		};
/* End PBXNativeTarget section */

/* Begin PBXProject section */
		61E0B7EC2630B7FF0043DFBD /* Project object */ = {
			isa = PBXProject;
			attributes = {
				LastSwiftUpdateCheck = 1240;
				LastUpgradeCheck = 1240;
				TargetAttributes = {
					61E0B7F32630B7FF0043DFBD = {
						CreatedOnToolsVersion = 12.4;
					};
				};
			};
			buildConfigurationList = 61E0B7EF2630B7FF0043DFBD /* Build configuration list for PBXProject "Task" */;
			compatibilityVersion = "Xcode 9.3";
			developmentRegion = en;
			hasScannedForEncodings = 0;
			knownRegions = (
				en,
				Base,
			);
			mainGroup = 61E0B7EB2630B7FF0043DFBD;
			productRefGroup = 61E0B7F52630B7FF0043DFBD /* Products */;
			projectDirPath = "";
			projectRoot = "";
			targets = (
				61E0B7F32630B7FF0043DFBD /* Task */,
			);
		};
/* End PBXProject section */

/* Begin PBXResourcesBuildPhase section */
		61E0B7F22630B7FF0043DFBD /* Resources */ = {
			isa = PBXResourcesBuildPhase;
			buildActionMask = 2147483647;
			files = (
				61E0B8042630B8020043DFBD /* LaunchScreen.storyboard in Resources */,
				61E0B8012630B8020043DFBD /* Assets.xcassets in Resources */,
				61E0B7FF2630B7FF0043DFBD /* Main.storyboard in Resources */,
			);
			runOnlyForDeploymentPostprocessing = 0;
		};
/* End PBXResourcesBuildPhase section */

/* Begin PBXSourcesBuildPhase section */
		61E0B7F02630B7FF0043DFBD /* Sources */ = {
			isa = PBXSourcesBuildPhase;
			buildActionMask = 2147483647;
			files = (
				61E0B82B2630E11D0043DFBD /* TaskTableViewCell.swift in Sources */,
				61E0B81E2630B91B0043DFBD /* TaskListTableViewController.swift in Sources */,
				61E0B7F82630B7FF0043DFBD /* AppDelegate.swift in Sources */,
				61E0B8242630BEC50043DFBD /* Task.swift in Sources */,
				61E0B8212630BA5A0043DFBD /* TaskDetailViewController.swift in Sources */,
				61E0B8272630C0600043DFBD /* TaskController.swift in Sources */,
				61E0B7FA2630B7FF0043DFBD /* SceneDelegate.swift in Sources */,
			);
			runOnlyForDeploymentPostprocessing = 0;
		};
/* End PBXSourcesBuildPhase section */

/* Begin PBXVariantGroup section */
		61E0B7FD2630B7FF0043DFBD /* Main.storyboard */ = {
			isa = PBXVariantGroup;
			children = (
				61E0B7FE2630B7FF0043DFBD /* Base */,
			);
			name = Main.storyboard;
			sourceTree = "<group>";
		};
		61E0B8022630B8020043DFBD /* LaunchScreen.storyboard */ = {
			isa = PBXVariantGroup;
			children = (
				61E0B8032630B8020043DFBD /* Base */,
			);
			name = LaunchScreen.storyboard;
			sourceTree = "<group>";
		};
/* End PBXVariantGroup section */

/* Begin XCBuildConfiguration section */
		61E0B8062630B8020043DFBD /* Debug */ = {
			isa = XCBuildConfiguration;
			buildSettings = {
				ALWAYS_SEARCH_USER_PATHS = NO;
				CLANG_ANALYZER_NONNULL = YES;
				CLANG_ANALYZER_NUMBER_OBJECT_CONVERSION = YES_AGGRESSIVE;
				CLANG_CXX_LANGUAGE_STANDARD = "gnu++14";
				CLANG_CXX_LIBRARY = "libc++";
				CLANG_ENABLE_MODULES = YES;
				CLANG_ENABLE_OBJC_ARC = YES;
				CLANG_ENABLE_OBJC_WEAK = YES;
				CLANG_WARN_BLOCK_CAPTURE_AUTORELEASING = YES;
				CLANG_WARN_BOOL_CONVERSION = YES;
				CLANG_WARN_COMMA = YES;
				CLANG_WARN_CONSTANT_CONVERSION = YES;
				CLANG_WARN_DEPRECATED_OBJC_IMPLEMENTATIONS = YES;
				CLANG_WARN_DIRECT_OBJC_ISA_USAGE = YES_ERROR;
				CLANG_WARN_DOCUMENTATION_COMMENTS = YES;
				CLANG_WARN_EMPTY_BODY = YES;
				CLANG_WARN_ENUM_CONVERSION = YES;
				CLANG_WARN_INFINITE_RECURSION = YES;
				CLANG_WARN_INT_CONVERSION = YES;
				CLANG_WARN_NON_LITERAL_NULL_CONVERSION = YES;
				CLANG_WARN_OBJC_IMPLICIT_RETAIN_SELF = YES;
				CLANG_WARN_OBJC_LITERAL_CONVERSION = YES;
				CLANG_WARN_OBJC_ROOT_CLASS = YES_ERROR;
				CLANG_WARN_QUOTED_INCLUDE_IN_FRAMEWORK_HEADER = YES;
				CLANG_WARN_RANGE_LOOP_ANALYSIS = YES;
				CLANG_WARN_STRICT_PROTOTYPES = YES;
				CLANG_WARN_SUSPICIOUS_MOVE = YES;
				CLANG_WARN_UNGUARDED_AVAILABILITY = YES_AGGRESSIVE;
				CLANG_WARN_UNREACHABLE_CODE = YES;
				CLANG_WARN__DUPLICATE_METHOD_MATCH = YES;
				COPY_PHASE_STRIP = NO;
				DEBUG_INFORMATION_FORMAT = dwarf;
				ENABLE_STRICT_OBJC_MSGSEND = YES;
				ENABLE_TESTABILITY = YES;
				GCC_C_LANGUAGE_STANDARD = gnu11;
				GCC_DYNAMIC_NO_PIC = NO;
				GCC_NO_COMMON_BLOCKS = YES;
				GCC_OPTIMIZATION_LEVEL = 0;
				GCC_PREPROCESSOR_DEFINITIONS = (
					"DEBUG=1",
					"$(inherited)",
				);
				GCC_WARN_64_TO_32_BIT_CONVERSION = YES;
				GCC_WARN_ABOUT_RETURN_TYPE = YES_ERROR;
				GCC_WARN_UNDECLARED_SELECTOR = YES;
				GCC_WARN_UNINITIALIZED_AUTOS = YES_AGGRESSIVE;
				GCC_WARN_UNUSED_FUNCTION = YES;
				GCC_WARN_UNUSED_VARIABLE = YES;
				IPHONEOS_DEPLOYMENT_TARGET = 14.4;
				MTL_ENABLE_DEBUG_INFO = INCLUDE_SOURCE;
				MTL_FAST_MATH = YES;
				ONLY_ACTIVE_ARCH = YES;
				SDKROOT = iphoneos;
				SWIFT_ACTIVE_COMPILATION_CONDITIONS = DEBUG;
				SWIFT_OPTIMIZATION_LEVEL = "-Onone";
			};
			name = Debug;
		};
		61E0B8072630B8020043DFBD /* Release */ = {
			isa = XCBuildConfiguration;
			buildSettings = {
				ALWAYS_SEARCH_USER_PATHS = NO;
				CLANG_ANALYZER_NONNULL = YES;
				CLANG_ANALYZER_NUMBER_OBJECT_CONVERSION = YES_AGGRESSIVE;
				CLANG_CXX_LANGUAGE_STANDARD = "gnu++14";
				CLANG_CXX_LIBRARY = "libc++";
				CLANG_ENABLE_MODULES = YES;
				CLANG_ENABLE_OBJC_ARC = YES;
				CLANG_ENABLE_OBJC_WEAK = YES;
				CLANG_WARN_BLOCK_CAPTURE_AUTORELEASING = YES;
				CLANG_WARN_BOOL_CONVERSION = YES;
				CLANG_WARN_COMMA = YES;
				CLANG_WARN_CONSTANT_CONVERSION = YES;
				CLANG_WARN_DEPRECATED_OBJC_IMPLEMENTATIONS = YES;
				CLANG_WARN_DIRECT_OBJC_ISA_USAGE = YES_ERROR;
				CLANG_WARN_DOCUMENTATION_COMMENTS = YES;
				CLANG_WARN_EMPTY_BODY = YES;
				CLANG_WARN_ENUM_CONVERSION = YES;
				CLANG_WARN_INFINITE_RECURSION = YES;
				CLANG_WARN_INT_CONVERSION = YES;
				CLANG_WARN_NON_LITERAL_NULL_CONVERSION = YES;
				CLANG_WARN_OBJC_IMPLICIT_RETAIN_SELF = YES;
				CLANG_WARN_OBJC_LITERAL_CONVERSION = YES;
				CLANG_WARN_OBJC_ROOT_CLASS = YES_ERROR;
				CLANG_WARN_QUOTED_INCLUDE_IN_FRAMEWORK_HEADER = YES;
				CLANG_WARN_RANGE_LOOP_ANALYSIS = YES;
				CLANG_WARN_STRICT_PROTOTYPES = YES;
				CLANG_WARN_SUSPICIOUS_MOVE = YES;
				CLANG_WARN_UNGUARDED_AVAILABILITY = YES_AGGRESSIVE;
				CLANG_WARN_UNREACHABLE_CODE = YES;
				CLANG_WARN__DUPLICATE_METHOD_MATCH = YES;
				COPY_PHASE_STRIP = NO;
				DEBUG_INFORMATION_FORMAT = "dwarf-with-dsym";
				ENABLE_NS_ASSERTIONS = NO;
				ENABLE_STRICT_OBJC_MSGSEND = YES;
				GCC_C_LANGUAGE_STANDARD = gnu11;
				GCC_NO_COMMON_BLOCKS = YES;
				GCC_WARN_64_TO_32_BIT_CONVERSION = YES;
				GCC_WARN_ABOUT_RETURN_TYPE = YES_ERROR;
				GCC_WARN_UNDECLARED_SELECTOR = YES;
				GCC_WARN_UNINITIALIZED_AUTOS = YES_AGGRESSIVE;
				GCC_WARN_UNUSED_FUNCTION = YES;
				GCC_WARN_UNUSED_VARIABLE = YES;
				IPHONEOS_DEPLOYMENT_TARGET = 14.4;
				MTL_ENABLE_DEBUG_INFO = NO;
				MTL_FAST_MATH = YES;
				SDKROOT = iphoneos;
				SWIFT_COMPILATION_MODE = wholemodule;
				SWIFT_OPTIMIZATION_LEVEL = "-O";
				VALIDATE_PRODUCT = YES;
			};
			name = Release;
		};
		61E0B8092630B8020043DFBD /* Debug */ = {
			isa = XCBuildConfiguration;
			buildSettings = {
				ASSETCATALOG_COMPILER_APPICON_NAME = AppIcon;
				ASSETCATALOG_COMPILER_GLOBAL_ACCENT_COLOR_NAME = AccentColor;
				CODE_SIGN_STYLE = Automatic;
				INFOPLIST_FILE = Task/Resources/Info.plist;
				LD_RUNPATH_SEARCH_PATHS = (
					"$(inherited)",
					"@executable_path/Frameworks",
				);
				PRODUCT_BUNDLE_IDENTIFIER = "Nicole-Boyd.Task";
				PRODUCT_NAME = "$(TARGET_NAME)";
				SWIFT_VERSION = 5.0;
				TARGETED_DEVICE_FAMILY = "1,2";
			};
			name = Debug;
		};
		61E0B80A2630B8020043DFBD /* Release */ = {
			isa = XCBuildConfiguration;
			buildSettings = {
				ASSETCATALOG_COMPILER_APPICON_NAME = AppIcon;
				ASSETCATALOG_COMPILER_GLOBAL_ACCENT_COLOR_NAME = AccentColor;
				CODE_SIGN_STYLE = Automatic;
				INFOPLIST_FILE = Task/Resources/Info.plist;
				LD_RUNPATH_SEARCH_PATHS = (
					"$(inherited)",
					"@executable_path/Frameworks",
				);
				PRODUCT_BUNDLE_IDENTIFIER = "Nicole-Boyd.Task";
				PRODUCT_NAME = "$(TARGET_NAME)";
				SWIFT_VERSION = 5.0;
				TARGETED_DEVICE_FAMILY = "1,2";
			};
			name = Release;
		};
/* End XCBuildConfiguration section */

/* Begin XCConfigurationList section */
		61E0B7EF2630B7FF0043DFBD /* Build configuration list for PBXProject "Task" */ = {
			isa = XCConfigurationList;
			buildConfigurations = (
				61E0B8062630B8020043DFBD /* Debug */,
				61E0B8072630B8020043DFBD /* Release */,
			);
			defaultConfigurationIsVisible = 0;
			defaultConfigurationName = Release;
		};
		61E0B8082630B8020043DFBD /* Build configuration list for PBXNativeTarget "Task" */ = {
			isa = XCConfigurationList;
			buildConfigurations = (
				61E0B8092630B8020043DFBD /* Debug */,
				61E0B80A2630B8020043DFBD /* Release */,
			);
			defaultConfigurationIsVisible = 0;
			defaultConfigurationName = Release;
		};
/* End XCConfigurationList section */
	};
	rootObject = 61E0B7EC2630B7FF0043DFBD /* Project object */;
}
